
Microsoft Visual Studio Solution File, Format Version 12.00
# Visual Studio Version 16
VisualStudioVersion = 16.0.30011.22
MinimumVisualStudioVersion = 10.0.40219.1
Project("{9A19103F-16F7-4668-BE54-9A1E7A4F7556}") = "CodeChallenges.TopKFrequentWords", "CodeChallenges\CodeChallenges.TopKFrequentWords.csproj", "{A5BF548A-1DD2-4337-B738-75791480A559}"
EndProject
Project("{9A19103F-16F7-4668-BE54-9A1E7A4F7556}") = "CodeChallenges.TopKFrecuentNumbers", "TopKFrecuentNumbers\CodeChallenges.TopKFrecuentNumbers.csproj", "{66802083-9FC5-42A3-B1BD-9A40EE04B4C2}"
EndProject
Project("{9A19103F-16F7-4668-BE54-9A1E7A4F7556}") = "CodeChallenges.NumberOfClusters", "CodeChallenges.NumberOfClusters\CodeChallenges.NumberOfClusters.csproj", "{9CE7B248-7F7E-41F0-B9E7-85141610E92F}"
EndProject
Project("{9A19103F-16F7-4668-BE54-9A1E7A4F7556}") = "CodeChallenges.ReorderLogFiles", "CodeChallenges.ReorderLogFiles\CodeChallenges.ReorderLogFiles.csproj", "{D11B1953-EF92-4056-8B0C-15CC83F92472}"
EndProject
Project("{FAE04EC0-301F-11D3-BF4B-00C04F79EFBC}") = "CodeChallenges.RemoveValuesFromLinkedlist", "CodeChallenges.RemoveValuesFromLinkedlist\CodeChallenges.RemoveValuesFromLinkedlist.csproj", "{5E4B119C-8EFA-4CE2-BE25-D5C809F73D7E}"
EndProject
Project("{2150E333-8FDC-42A3-9474-1A3956D46DE8}") = "CodeChallenges.MinDeletions", "CodeChallenges.MinDeletions", "{291B5231-065F-40A8-9406-CBA7D88D4EEF}"
EndProject
Project("{FAE04EC0-301F-11D3-BF4B-00C04F79EFBC}") = "CodeChallenges.MinDeletions", "..\CodeChallenges.MinDeletions\CodeChallenges.MinDeletions\CodeChallenges.MinDeletions.csproj", "{2D9AA1FA-85BD-4B22-B617-8C7A8F66ACE6}"
EndProject
Project("{FAE04EC0-301F-11D3-BF4B-00C04F79EFBC}") = "CodeChallenges.GoodNodes", "CodeChallenges.GoodNodes\CodeChallenges.GoodNodes.csproj", "{461041A8-755A-4AED-89CE-ADC5E5BA6E4B}"
EndProject
Global
	GlobalSection(SolutionConfigurationPlatforms) = preSolution
		Debug|Any CPU = Debug|Any CPU
		Release|Any CPU = Release|Any CPU
	EndGlobalSection
	GlobalSection(ProjectConfigurationPlatforms) = postSolution
		{A5BF548A-1DD2-4337-B738-75791480A559}.Debug|Any CPU.ActiveCfg = Debug|Any CPU
		{A5BF548A-1DD2-4337-B738-75791480A559}.Debug|Any CPU.Build.0 = Debug|Any CPU
		{A5BF548A-1DD2-4337-B738-75791480A559}.Release|Any CPU.ActiveCfg = Release|Any CPU
		{A5BF548A-1DD2-4337-B738-75791480A559}.Release|Any CPU.Build.0 = Release|Any CPU
		{66802083-9FC5-42A3-B1BD-9A40EE04B4C2}.Debug|Any CPU.ActiveCfg = Debug|Any CPU
		{66802083-9FC5-42A3-B1BD-9A40EE04B4C2}.Debug|Any CPU.Build.0 = Debug|Any CPU
		{66802083-9FC5-42A3-B1BD-9A40EE04B4C2}.Release|Any CPU.ActiveCfg = Release|Any CPU
		{66802083-9FC5-42A3-B1BD-9A40EE04B4C2}.Release|Any CPU.Build.0 = Release|Any CPU
		{9CE7B248-7F7E-41F0-B9E7-85141610E92F}.Debug|Any CPU.ActiveCfg = Debug|Any CPU
		{9CE7B248-7F7E-41F0-B9E7-85141610E92F}.Debug|Any CPU.Build.0 = Debug|Any CPU
		{9CE7B248-7F7E-41F0-B9E7-85141610E92F}.Release|Any CPU.ActiveCfg = Release|Any CPU
		{9CE7B248-7F7E-41F0-B9E7-85141610E92F}.Release|Any CPU.Build.0 = Release|Any CPU
		{D11B1953-EF92-4056-8B0C-15CC83F92472}.Debug|Any CPU.ActiveCfg = Debug|Any CPU
		{D11B1953-EF92-4056-8B0C-15CC83F92472}.Debug|Any CPU.Build.0 = Debug|Any CPU
		{D11B1953-EF92-4056-8B0C-15CC83F92472}.Release|Any CPU.ActiveCfg = Release|Any CPU
		{D11B1953-EF92-4056-8B0C-15CC83F92472}.Release|Any CPU.Build.0 = Release|Any CPU
		{5E4B119C-8EFA-4CE2-BE25-D5C809F73D7E}.Debug|Any CPU.ActiveCfg = Debug|Any CPU
		{5E4B119C-8EFA-4CE2-BE25-D5C809F73D7E}.Debug|Any CPU.Build.0 = Debug|Any CPU
		{5E4B119C-8EFA-4CE2-BE25-D5C809F73D7E}.Release|Any CPU.ActiveCfg = Release|Any CPU
		{5E4B119C-8EFA-4CE2-BE25-D5C809F73D7E}.Release|Any CPU.Build.0 = Release|Any CPU
		{2D9AA1FA-85BD-4B22-B617-8C7A8F66ACE6}.Debug|Any CPU.ActiveCfg = Debug|Any CPU
		{2D9AA1FA-85BD-4B22-B617-8C7A8F66ACE6}.Debug|Any CPU.Build.0 = Debug|Any CPU
		{2D9AA1FA-85BD-4B22-B617-8C7A8F66ACE6}.Release|Any CPU.ActiveCfg = Release|Any CPU
		{2D9AA1FA-85BD-4B22-B617-8C7A8F66ACE6}.Release|Any CPU.Build.0 = Release|Any CPU
		{461041A8-755A-4AED-89CE-ADC5E5BA6E4B}.Debug|Any CPU.ActiveCfg = Debug|Any CPU
		{461041A8-755A-4AED-89CE-ADC5E5BA6E4B}.Debug|Any CPU.Build.0 = Debug|Any CPU
		{461041A8-755A-4AED-89CE-ADC5E5BA6E4B}.Release|Any CPU.ActiveCfg = Release|Any CPU
		{461041A8-755A-4AED-89CE-ADC5E5BA6E4B}.Release|Any CPU.Build.0 = Release|Any CPU
	EndGlobalSection
	GlobalSection(SolutionProperties) = preSolution
		HideSolutionNode = FALSE
	EndGlobalSection
	GlobalSection(ExtensibilityGlobals) = postSolution
		SolutionGuid = {0046D01B-83E0-4DC5-850A-F28C16A55942}
	EndGlobalSection
	GlobalSection(NestedProjects) = preSolution
		{2D9AA1FA-85BD-4B22-B617-8C7A8F66ACE6} = {291B5231-065F-40A8-9406-CBA7D88D4EEF}
	EndGlobalSection
EndGlobal
